
Microsoft Visual Studio Solution File, Format Version 12.00
# Visual Studio 15
VisualStudioVersion = 15.0.27428.2015
MinimumVisualStudioVersion = 10.0.40219.1
Project("{FAE04EC0-301F-11D3-BF4B-00C04F79EFBC}") = "WhatWeGot", "WhatWeGot\WhatWeGot.csproj", "{B27A3784-6020-47E9-9AEB-7DB114B6CD5F}"
EndProject
Global
	GlobalSection(SolutionConfigurationPlatforms) = preSolution
		Debug|Any CPU = Debug|Any CPU
		Release|Any CPU = Release|Any CPU
	EndGlobalSection
	GlobalSection(ProjectConfigurationPlatforms) = postSolution
		{B27A3784-6020-47E9-9AEB-7DB114B6CD5F}.Debug|Any CPU.ActiveCfg = Debug|Any CPU
		{B27A3784-6020-47E9-9AEB-7DB114B6CD5F}.Debug|Any CPU.Build.0 = Debug|Any CPU
		{B27A3784-6020-47E9-9AEB-7DB114B6CD5F}.Release|Any CPU.ActiveCfg = Release|Any CPU
		{B27A3784-6020-47E9-9AEB-7DB114B6CD5F}.Release|Any CPU.Build.0 = Release|Any CPU
	EndGlobalSection
	GlobalSection(SolutionProperties) = preSolution
		HideSolutionNode = FALSE
	EndGlobalSection
	GlobalSection(ExtensibilityGlobals) = postSolution
		SolutionGuid = {22081A14-24D5-4169-8FE7-E0BDC07057C5}
	EndGlobalSection
EndGlobal
